
Microsoft Visual Studio Solution File, Format Version 12.00
# Visual Studio Version 17
VisualStudioVersion = 17.7.34221.43
MinimumVisualStudioVersion = 10.0.40219.1
Project("{FAE04EC0-301F-11D3-BF4B-00C04F79EFBC}") = "TobetoETrade", "TobetoETrade\TobetoETrade.csproj", "{C51534E5-56E0-4AE5-9EBE-20FC39503EF8}"
EndProject
Project("{FAE04EC0-301F-11D3-BF4B-00C04F79EFBC}") = "Business", "Business\Business.csproj", "{A308AE5D-5787-466B-9493-ACAF0BA6D9E3}"
EndProject
Project("{FAE04EC0-301F-11D3-BF4B-00C04F79EFBC}") = "DataAccess", "DataAccess\DataAccess.csproj", "{D6299F0D-1E03-4346-8A76-7852AC576A31}"
EndProject
Project("{FAE04EC0-301F-11D3-BF4B-00C04F79EFBC}") = "ConsoleUI", "ConsoleUI\ConsoleUI.csproj", "{D12F7051-2FD9-4F71-BE88-EED3ECECDCB2}"
EndProject
Global
	GlobalSection(SolutionConfigurationPlatforms) = preSolution
		Debug|Any CPU = Debug|Any CPU
		Release|Any CPU = Release|Any CPU
	EndGlobalSection
	GlobalSection(ProjectConfigurationPlatforms) = postSolution
		{C51534E5-56E0-4AE5-9EBE-20FC39503EF8}.Debug|Any CPU.ActiveCfg = Debug|Any CPU
		{C51534E5-56E0-4AE5-9EBE-20FC39503EF8}.Debug|Any CPU.Build.0 = Debug|Any CPU
		{C51534E5-56E0-4AE5-9EBE-20FC39503EF8}.Release|Any CPU.ActiveCfg = Release|Any CPU
		{C51534E5-56E0-4AE5-9EBE-20FC39503EF8}.Release|Any CPU.Build.0 = Release|Any CPU
		{A308AE5D-5787-466B-9493-ACAF0BA6D9E3}.Debug|Any CPU.ActiveCfg = Debug|Any CPU
		{A308AE5D-5787-466B-9493-ACAF0BA6D9E3}.Debug|Any CPU.Build.0 = Debug|Any CPU
		{A308AE5D-5787-466B-9493-ACAF0BA6D9E3}.Release|Any CPU.ActiveCfg = Release|Any CPU
		{A308AE5D-5787-466B-9493-ACAF0BA6D9E3}.Release|Any CPU.Build.0 = Release|Any CPU
		{D6299F0D-1E03-4346-8A76-7852AC576A31}.Debug|Any CPU.ActiveCfg = Debug|Any CPU
		{D6299F0D-1E03-4346-8A76-7852AC576A31}.Debug|Any CPU.Build.0 = Debug|Any CPU
		{D6299F0D-1E03-4346-8A76-7852AC576A31}.Release|Any CPU.ActiveCfg = Release|Any CPU
		{D6299F0D-1E03-4346-8A76-7852AC576A31}.Release|Any CPU.Build.0 = Release|Any CPU
		{D12F7051-2FD9-4F71-BE88-EED3ECECDCB2}.Debug|Any CPU.ActiveCfg = Debug|Any CPU
		{D12F7051-2FD9-4F71-BE88-EED3ECECDCB2}.Debug|Any CPU.Build.0 = Debug|Any CPU
		{D12F7051-2FD9-4F71-BE88-EED3ECECDCB2}.Release|Any CPU.ActiveCfg = Release|Any CPU
		{D12F7051-2FD9-4F71-BE88-EED3ECECDCB2}.Release|Any CPU.Build.0 = Release|Any CPU
	EndGlobalSection
	GlobalSection(SolutionProperties) = preSolution
		HideSolutionNode = FALSE
	EndGlobalSection
	GlobalSection(ExtensibilityGlobals) = postSolution
		SolutionGuid = {F2C4E298-1EBD-45A4-95EE-D3AC2B6C9B76}
	EndGlobalSection
EndGlobal
